
Microsoft Visual Studio Solution File, Format Version 12.00
# Visual Studio Version 17
VisualStudioVersion = 17.2.32630.192
MinimumVisualStudioVersion = 10.0.40219.1
Project("{FAE04EC0-301F-11D3-BF4B-00C04F79EFBC}") = "SportApi", "SportApi\SportApi.csproj", "{21120E95-A3A9-40BE-81BD-63AFFC9051EA}"
EndProject
Global
	GlobalSection(SolutionConfigurationPlatforms) = preSolution
		Debug|Any CPU = Debug|Any CPU
		Release|Any CPU = Release|Any CPU
	EndGlobalSection
	GlobalSection(ProjectConfigurationPlatforms) = postSolution
		{21120E95-A3A9-40BE-81BD-63AFFC9051EA}.Debug|Any CPU.ActiveCfg = Debug|Any CPU
		{21120E95-A3A9-40BE-81BD-63AFFC9051EA}.Debug|Any CPU.Build.0 = Debug|Any CPU
		{21120E95-A3A9-40BE-81BD-63AFFC9051EA}.Release|Any CPU.ActiveCfg = Release|Any CPU
		{21120E95-A3A9-40BE-81BD-63AFFC9051EA}.Release|Any CPU.Build.0 = Release|Any CPU
	EndGlobalSection
	GlobalSection(SolutionProperties) = preSolution
		HideSolutionNode = FALSE
	EndGlobalSection
	GlobalSection(ExtensibilityGlobals) = postSolution
		SolutionGuid = {E6E46F4F-21EE-4C03-99CE-D4F8B130B155}
	EndGlobalSection
EndGlobal
